
Microsoft Visual Studio Solution File, Format Version 12.00
# Visual Studio Version 17
VisualStudioVersion = 17.2.32616.157
MinimumVisualStudioVersion = 10.0.40219.1
Project("{FAE04EC0-301F-11D3-BF4B-00C04F79EFBC}") = "HavaDurumuApiOdev", "HavaDurumuApiOdev\HavaDurumuApiOdev.csproj", "{52639118-7D4C-4A04-A671-68BFCD8337C1}"
EndProject
Global
	GlobalSection(SolutionConfigurationPlatforms) = preSolution
		Debug|Any CPU = Debug|Any CPU
		Release|Any CPU = Release|Any CPU
	EndGlobalSection
	GlobalSection(ProjectConfigurationPlatforms) = postSolution
		{52639118-7D4C-4A04-A671-68BFCD8337C1}.Debug|Any CPU.ActiveCfg = Debug|Any CPU
		{52639118-7D4C-4A04-A671-68BFCD8337C1}.Debug|Any CPU.Build.0 = Debug|Any CPU
		{52639118-7D4C-4A04-A671-68BFCD8337C1}.Release|Any CPU.ActiveCfg = Release|Any CPU
		{52639118-7D4C-4A04-A671-68BFCD8337C1}.Release|Any CPU.Build.0 = Release|Any CPU
	EndGlobalSection
	GlobalSection(SolutionProperties) = preSolution
		HideSolutionNode = FALSE
	EndGlobalSection
	GlobalSection(ExtensibilityGlobals) = postSolution
		SolutionGuid = {7CF5ADAA-A2A9-4522-84A8-19AF998CB8D6}
	EndGlobalSection
EndGlobal
